
Microsoft Visual Studio Solution File, Format Version 12.00
# Visual Studio Version 16
VisualStudioVersion = 16.0.30907.101
MinimumVisualStudioVersion = 10.0.40219.1
Project("{9A19103F-16F7-4668-BE54-9A1E7A4F7556}") = "Entities", "Entity\Entities.csproj", "{EC2A5028-7445-42AC-813C-6671DB8690C7}"
EndProject
Project("{9A19103F-16F7-4668-BE54-9A1E7A4F7556}") = "Business", "Bussines\Business.csproj", "{3CC2D0C2-9B3E-42A5-B691-79AE0BA72FB0}"
EndProject
Project("{9A19103F-16F7-4668-BE54-9A1E7A4F7556}") = "DataAccess", "DataAccess\DataAccess.csproj", "{D979C44C-CBF5-4779-ABF4-7E610D661D45}"
EndProject
Project("{9A19103F-16F7-4668-BE54-9A1E7A4F7556}") = "ConsoleUI", "ConsoleUI\ConsoleUI.csproj", "{0EF28CE4-0F5C-44BC-9388-9C59911B3BC6}"
EndProject
Global
	GlobalSection(SolutionConfigurationPlatforms) = preSolution
		Debug|Any CPU = Debug|Any CPU
		Release|Any CPU = Release|Any CPU
	EndGlobalSection
	GlobalSection(ProjectConfigurationPlatforms) = postSolution
		{EC2A5028-7445-42AC-813C-6671DB8690C7}.Debug|Any CPU.ActiveCfg = Debug|Any CPU
		{EC2A5028-7445-42AC-813C-6671DB8690C7}.Debug|Any CPU.Build.0 = Debug|Any CPU
		{EC2A5028-7445-42AC-813C-6671DB8690C7}.Release|Any CPU.ActiveCfg = Release|Any CPU
		{EC2A5028-7445-42AC-813C-6671DB8690C7}.Release|Any CPU.Build.0 = Release|Any CPU
		{3CC2D0C2-9B3E-42A5-B691-79AE0BA72FB0}.Debug|Any CPU.ActiveCfg = Debug|Any CPU
		{3CC2D0C2-9B3E-42A5-B691-79AE0BA72FB0}.Debug|Any CPU.Build.0 = Debug|Any CPU
		{3CC2D0C2-9B3E-42A5-B691-79AE0BA72FB0}.Release|Any CPU.ActiveCfg = Release|Any CPU
		{3CC2D0C2-9B3E-42A5-B691-79AE0BA72FB0}.Release|Any CPU.Build.0 = Release|Any CPU
		{D979C44C-CBF5-4779-ABF4-7E610D661D45}.Debug|Any CPU.ActiveCfg = Debug|Any CPU
		{D979C44C-CBF5-4779-ABF4-7E610D661D45}.Debug|Any CPU.Build.0 = Debug|Any CPU
		{D979C44C-CBF5-4779-ABF4-7E610D661D45}.Release|Any CPU.ActiveCfg = Release|Any CPU
		{D979C44C-CBF5-4779-ABF4-7E610D661D45}.Release|Any CPU.Build.0 = Release|Any CPU
		{0EF28CE4-0F5C-44BC-9388-9C59911B3BC6}.Debug|Any CPU.ActiveCfg = Debug|Any CPU
		{0EF28CE4-0F5C-44BC-9388-9C59911B3BC6}.Debug|Any CPU.Build.0 = Debug|Any CPU
		{0EF28CE4-0F5C-44BC-9388-9C59911B3BC6}.Release|Any CPU.ActiveCfg = Release|Any CPU
		{0EF28CE4-0F5C-44BC-9388-9C59911B3BC6}.Release|Any CPU.Build.0 = Release|Any CPU
	EndGlobalSection
	GlobalSection(SolutionProperties) = preSolution
		HideSolutionNode = FALSE
	EndGlobalSection
	GlobalSection(ExtensibilityGlobals) = postSolution
		SolutionGuid = {A57F60AF-A46A-46E4-8539-7AA1EDC4A0A0}
	EndGlobalSection
EndGlobal
